// !$*UTF8*$!
{
	archiveVersion = 1;
	classes = {
	};
	objectVersion = 48;
	objects = {

/* Begin PBXBuildFile section */
		3328D8F61FD82DD2006EF67C /* AppDelegate.swift in Sources */ = {isa = PBXBuildFile; fileRef = 3328D8F51FD82DD2006EF67C /* AppDelegate.swift */; };
		3328D8F81FD82DD2006EF67C /* ViewController.swift in Sources */ = {isa = PBXBuildFile; fileRef = 3328D8F71FD82DD2006EF67C /* ViewController.swift */; };
		3328D8FB1FD82DD2006EF67C /* Main.storyboard in Resources */ = {isa = PBXBuildFile; fileRef = 3328D8F91FD82DD2006EF67C /* Main.storyboard */; };
		3328D8FD1FD82DD2006EF67C /* Assets.xcassets in Resources */ = {isa = PBXBuildFile; fileRef = 3328D8FC1FD82DD2006EF67C /* Assets.xcassets */; };
		3328D9001FD82DD2006EF67C /* LaunchScreen.storyboard in Resources */ = {isa = PBXBuildFile; fileRef = 3328D8FE1FD82DD2006EF67C /* LaunchScreen.storyboard */; };
		33DCF5C41FD932ED00B06786 /* Pokemon.swift in Sources */ = {isa = PBXBuildFile; fileRef = 33DCF5C31FD932ED00B06786 /* Pokemon.swift */; };
		33DCF5C61FD932F700B06786 /* Pokedex.swift in Sources */ = {isa = PBXBuildFile; fileRef = 33DCF5C51FD932F700B06786 /* Pokedex.swift */; };
		33DCF5C81FD9335D00B06786 /* Coordinate.swift in Sources */ = {isa = PBXBuildFile; fileRef = 33DCF5C71FD9335D00B06786 /* Coordinate.swift */; };
/* End PBXBuildFile section */

/* Begin PBXFileReference section */
		3328D8F21FD82DD1006EF67C /* PokeList.app */ = {isa = PBXFileReference; explicitFileType = wrapper.application; includeInIndex = 0; path = PokeList.app; sourceTree = BUILT_PRODUCTS_DIR; };
		3328D8F51FD82DD2006EF67C /* AppDelegate.swift */ = {isa = PBXFileReference; lastKnownFileType = sourcecode.swift; path = AppDelegate.swift; sourceTree = "<group>"; };
		3328D8F71FD82DD2006EF67C /* ViewController.swift */ = {isa = PBXFileReference; lastKnownFileType = sourcecode.swift; path = ViewController.swift; sourceTree = "<group>"; };
		3328D8FA1FD82DD2006EF67C /* Base */ = {isa = PBXFileReference; lastKnownFileType = file.storyboard; name = Base; path = Base.lproj/Main.storyboard; sourceTree = "<group>"; };
		3328D8FC1FD82DD2006EF67C /* Assets.xcassets */ = {isa = PBXFileReference; lastKnownFileType = folder.assetcatalog; path = Assets.xcassets; sourceTree = "<group>"; };
		3328D8FF1FD82DD2006EF67C /* Base */ = {isa = PBXFileReference; lastKnownFileType = file.storyboard; name = Base; path = Base.lproj/LaunchScreen.storyboard; sourceTree = "<group>"; };
		3328D9011FD82DD2006EF67C /* Info.plist */ = {isa = PBXFileReference; lastKnownFileType = text.plist.xml; path = Info.plist; sourceTree = "<group>"; };
		33DCF5C31FD932ED00B06786 /* Pokemon.swift */ = {isa = PBXFileReference; lastKnownFileType = sourcecode.swift; path = Pokemon.swift; sourceTree = "<group>"; };
		33DCF5C51FD932F700B06786 /* Pokedex.swift */ = {isa = PBXFileReference; lastKnownFileType = sourcecode.swift; path = Pokedex.swift; sourceTree = "<group>"; };
		33DCF5C71FD9335D00B06786 /* Coordinate.swift */ = {isa = PBXFileReference; lastKnownFileType = sourcecode.swift; path = Coordinate.swift; sourceTree = "<group>"; };
		33F8A1771FD83F5400A8A180 /* PokeList.entitlements */ = {isa = PBXFileReference; lastKnownFileType = text.plist.entitlements; path = PokeList.entitlements; sourceTree = "<group>"; };
/* End PBXFileReference section */

/* Begin PBXFrameworksBuildPhase section */
		3328D8EF1FD82DD1006EF67C /* Frameworks */ = {
			isa = PBXFrameworksBuildPhase;
			buildActionMask = 2147483647;
			files = (
			);
			runOnlyForDeploymentPostprocessing = 0;
		};
/* End PBXFrameworksBuildPhase section */

/* Begin PBXGroup section */
		3328D8E91FD82DD1006EF67C = {
			isa = PBXGroup;
			children = (
				3328D8F41FD82DD1006EF67C /* PokeList */,
				3328D8F31FD82DD1006EF67C /* Products */,
			);
			sourceTree = "<group>";
		};
		3328D8F31FD82DD1006EF67C /* Products */ = {
			isa = PBXGroup;
			children = (
				3328D8F21FD82DD1006EF67C /* PokeList.app */,
			);
			name = Products;
			sourceTree = "<group>";
		};
		3328D8F41FD82DD1006EF67C /* PokeList */ = {
			isa = PBXGroup;
			children = (
				33F8A1771FD83F5400A8A180 /* PokeList.entitlements */,
				3328D8F51FD82DD2006EF67C /* AppDelegate.swift */,
				3328D8F71FD82DD2006EF67C /* ViewController.swift */,
				33DCF5C91FD9340200B06786 /* Models */,
				3328D8F91FD82DD2006EF67C /* Main.storyboard */,
				3328D8FC1FD82DD2006EF67C /* Assets.xcassets */,
				3328D8FE1FD82DD2006EF67C /* LaunchScreen.storyboard */,
				3328D9011FD82DD2006EF67C /* Info.plist */,
			);
			path = PokeList;
			sourceTree = "<group>";
		};
		33DCF5C91FD9340200B06786 /* Models */ = {
			isa = PBXGroup;
			children = (
				33DCF5C31FD932ED00B06786 /* Pokemon.swift */,
				33DCF5C51FD932F700B06786 /* Pokedex.swift */,
				33DCF5C71FD9335D00B06786 /* Coordinate.swift */,
			);
			path = Models;
			sourceTree = "<group>";
		};
/* End PBXGroup section */

/* Begin PBXNativeTarget section */
		3328D8F11FD82DD1006EF67C /* PokeList */ = {
			isa = PBXNativeTarget;
			buildConfigurationList = 3328D9041FD82DD2006EF67C /* Build configuration list for PBXNativeTarget "PokeList" */;
			buildPhases = (
				3328D8EE1FD82DD1006EF67C /* Sources */,
				3328D8EF1FD82DD1006EF67C /* Frameworks */,
				3328D8F01FD82DD1006EF67C /* Resources */,
			);
			buildRules = (
			);
			dependencies = (
			);
			name = PokeList;
			productName = PokeList;
			productReference = 3328D8F21FD82DD1006EF67C /* PokeList.app */;
			productType = "com.apple.product-type.application";
		};
/* End PBXNativeTarget section */

/* Begin PBXProject section */
		3328D8EA1FD82DD1006EF67C /* Project object */ = {
			isa = PBXProject;
			attributes = {
				LastSwiftUpdateCheck = 0910;
				LastUpgradeCheck = 0910;
				ORGANIZATIONNAME = "Human Coders";
				TargetAttributes = {
					3328D8F11FD82DD1006EF67C = {
						CreatedOnToolsVersion = 9.1;
						ProvisioningStyle = Automatic;
						SystemCapabilities = {
							com.apple.NearFieldCommunicationTagReading = {
								enabled = 1;
							};
						};
					};
				};
			};
			buildConfigurationList = 3328D8ED1FD82DD1006EF67C /* Build configuration list for PBXProject "PokeList" */;
			compatibilityVersion = "Xcode 8.0";
			developmentRegion = en;
			hasScannedForEncodings = 0;
			knownRegions = (
				en,
				Base,
			);
			mainGroup = 3328D8E91FD82DD1006EF67C;
			productRefGroup = 3328D8F31FD82DD1006EF67C /* Products */;
			projectDirPath = "";
			projectRoot = "";
			targets = (
				3328D8F11FD82DD1006EF67C /* PokeList */,
			);
		};
/* End PBXProject section */

/* Begin PBXResourcesBuildPhase section */
		3328D8F01FD82DD1006EF67C /* Resources */ = {
			isa = PBXResourcesBuildPhase;
			buildActionMask = 2147483647;
			files = (
				3328D9001FD82DD2006EF67C /* LaunchScreen.storyboard in Resources */,
				3328D8FD1FD82DD2006EF67C /* Assets.xcassets in Resources */,
				3328D8FB1FD82DD2006EF67C /* Main.storyboard in Resources */,
			);
			runOnlyForDeploymentPostprocessing = 0;
		};
/* End PBXResourcesBuildPhase section */

/* Begin PBXSourcesBuildPhase section */
		3328D8EE1FD82DD1006EF67C /* Sources */ = {
			isa = PBXSourcesBuildPhase;
			buildActionMask = 2147483647;
			files = (
				33DCF5C61FD932F700B06786 /* Pokedex.swift in Sources */,
				3328D8F81FD82DD2006EF67C /* ViewController.swift in Sources */,
				3328D8F61FD82DD2006EF67C /* AppDelegate.swift in Sources */,
				33DCF5C41FD932ED00B06786 /* Pokemon.swift in Sources */,
				33DCF5C81FD9335D00B06786 /* Coordinate.swift in Sources */,
			);
			runOnlyForDeploymentPostprocessing = 0;
		};
/* End PBXSourcesBuildPhase section */

/* Begin PBXVariantGroup section */
		3328D8F91FD82DD2006EF67C /* Main.storyboard */ = {
			isa = PBXVariantGroup;
			children = (
				3328D8FA1FD82DD2006EF67C /* Base */,
			);
			name = Main.storyboard;
			sourceTree = "<group>";
		};
		3328D8FE1FD82DD2006EF67C /* LaunchScreen.storyboard */ = {
			isa = PBXVariantGroup;
			children = (
				3328D8FF1FD82DD2006EF67C /* Base */,
			);
			name = LaunchScreen.storyboard;
			sourceTree = "<group>";
		};
/* End PBXVariantGroup section */

/* Begin XCBuildConfiguration section */
		3328D9021FD82DD2006EF67C /* Debug */ = {
			isa = XCBuildConfiguration;
			buildSettings = {
				ALWAYS_SEARCH_USER_PATHS = NO;
				CLANG_ANALYZER_NONNULL = YES;
				CLANG_ANALYZER_NUMBER_OBJECT_CONVERSION = YES_AGGRESSIVE;
				CLANG_CXX_LANGUAGE_STANDARD = "gnu++14";
				CLANG_CXX_LIBRARY = "libc++";
				CLANG_ENABLE_MODULES = YES;
				CLANG_ENABLE_OBJC_ARC = YES;
				CLANG_WARN_BLOCK_CAPTURE_AUTORELEASING = YES;
				CLANG_WARN_BOOL_CONVERSION = YES;
				CLANG_WARN_COMMA = YES;
				CLANG_WARN_CONSTANT_CONVERSION = YES;
				CLANG_WARN_DIRECT_OBJC_ISA_USAGE = YES_ERROR;
				CLANG_WARN_DOCUMENTATION_COMMENTS = YES;
				CLANG_WARN_EMPTY_BODY = YES;
				CLANG_WARN_ENUM_CONVERSION = YES;
				CLANG_WARN_INFINITE_RECURSION = YES;
				CLANG_WARN_INT_CONVERSION = YES;
				CLANG_WARN_NON_LITERAL_NULL_CONVERSION = YES;
				CLANG_WARN_OBJC_LITERAL_CONVERSION = YES;
				CLANG_WARN_OBJC_ROOT_CLASS = YES_ERROR;
				CLANG_WARN_RANGE_LOOP_ANALYSIS = YES;
				CLANG_WARN_STRICT_PROTOTYPES = YES;
				CLANG_WARN_SUSPICIOUS_MOVE = YES;
				CLANG_WARN_UNGUARDED_AVAILABILITY = YES_AGGRESSIVE;
				CLANG_WARN_UNREACHABLE_CODE = YES;
				CLANG_WARN__DUPLICATE_METHOD_MATCH = YES;
				CODE_SIGN_IDENTITY = "iPhone Developer";
				COPY_PHASE_STRIP = NO;
				DEBUG_INFORMATION_FORMAT = dwarf;
				ENABLE_STRICT_OBJC_MSGSEND = YES;
				ENABLE_TESTABILITY = YES;
				GCC_C_LANGUAGE_STANDARD = gnu11;
				GCC_DYNAMIC_NO_PIC = NO;
				GCC_NO_COMMON_BLOCKS = YES;
				GCC_OPTIMIZATION_LEVEL = 0;
				GCC_PREPROCESSOR_DEFINITIONS = (
					"DEBUG=1",
					"$(inherited)",
				);
				GCC_WARN_64_TO_32_BIT_CONVERSION = YES;
				GCC_WARN_ABOUT_RETURN_TYPE = YES_ERROR;
				GCC_WARN_UNDECLARED_SELECTOR = YES;
				GCC_WARN_UNINITIALIZED_AUTOS = YES_AGGRESSIVE;
				GCC_WARN_UNUSED_FUNCTION = YES;
				GCC_WARN_UNUSED_VARIABLE = YES;
				IPHONEOS_DEPLOYMENT_TARGET = 11.1;
				MTL_ENABLE_DEBUG_INFO = YES;
				ONLY_ACTIVE_ARCH = YES;
				SDKROOT = iphoneos;
				SWIFT_ACTIVE_COMPILATION_CONDITIONS = DEBUG;
				SWIFT_OPTIMIZATION_LEVEL = "-Onone";
			};
			name = Debug;
		};
		3328D9031FD82DD2006EF67C /* Release */ = {
			isa = XCBuildConfiguration;
			buildSettings = {
				ALWAYS_SEARCH_USER_PATHS = NO;
				CLANG_ANALYZER_NONNULL = YES;
				CLANG_ANALYZER_NUMBER_OBJECT_CONVERSION = YES_AGGRESSIVE;
				CLANG_CXX_LANGUAGE_STANDARD = "gnu++14";
				CLANG_CXX_LIBRARY = "libc++";
				CLANG_ENABLE_MODULES = YES;
				CLANG_ENABLE_OBJC_ARC = YES;
				CLANG_WARN_BLOCK_CAPTURE_AUTORELEASING = YES;
				CLANG_WARN_BOOL_CONVERSION = YES;
				CLANG_WARN_COMMA = YES;
				CLANG_WARN_CONSTANT_CONVERSION = YES;
				CLANG_WARN_DIRECT_OBJC_ISA_USAGE = YES_ERROR;
				CLANG_WARN_DOCUMENTATION_COMMENTS = YES;
				CLANG_WARN_EMPTY_BODY = YES;
				CLANG_WARN_ENUM_CONVERSION = YES;
				CLANG_WARN_INFINITE_RECURSION = YES;
				CLANG_WARN_INT_CONVERSION = YES;
				CLANG_WARN_NON_LITERAL_NULL_CONVERSION = YES;
				CLANG_WARN_OBJC_LITERAL_CONVERSION = YES;
				CLANG_WARN_OBJC_ROOT_CLASS = YES_ERROR;
				CLANG_WARN_RANGE_LOOP_ANALYSIS = YES;
				CLANG_WARN_STRICT_PROTOTYPES = YES;
				CLANG_WARN_SUSPICIOUS_MOVE = YES;
				CLANG_WARN_UNGUARDED_AVAILABILITY = YES_AGGRESSIVE;
				CLANG_WARN_UNREACHABLE_CODE = YES;
				CLANG_WARN__DUPLICATE_METHOD_MATCH = YES;
				CODE_SIGN_IDENTITY = "iPhone Developer";
				COPY_PHASE_STRIP = NO;
				DEBUG_INFORMATION_FORMAT = "dwarf-with-dsym";
				ENABLE_NS_ASSERTIONS = NO;
				ENABLE_STRICT_OBJC_MSGSEND = YES;
				GCC_C_LANGUAGE_STANDARD = gnu11;
				GCC_NO_COMMON_BLOCKS = YES;
				GCC_WARN_64_TO_32_BIT_CONVERSION = YES;
				GCC_WARN_ABOUT_RETURN_TYPE = YES_ERROR;
				GCC_WARN_UNDECLARED_SELECTOR = YES;
				GCC_WARN_UNINITIALIZED_AUTOS = YES_AGGRESSIVE;
				GCC_WARN_UNUSED_FUNCTION = YES;
				GCC_WARN_UNUSED_VARIABLE = YES;
				IPHONEOS_DEPLOYMENT_TARGET = 11.1;
				MTL_ENABLE_DEBUG_INFO = NO;
				SDKROOT = iphoneos;
				SWIFT_OPTIMIZATION_LEVEL = "-Owholemodule";
				VALIDATE_PRODUCT = YES;
			};
			name = Release;
		};
		3328D9051FD82DD2006EF67C /* Debug */ = {
			isa = XCBuildConfiguration;
			buildSettings = {
				ASSETCATALOG_COMPILER_APPICON_NAME = AppIcon;
				CODE_SIGN_ENTITLEMENTS = PokeList/PokeList.entitlements;
				CODE_SIGN_STYLE = Automatic;
				DEVELOPMENT_TEAM = A7SGM6JEMA;
				INFOPLIST_FILE = PokeList/Info.plist;
				LD_RUNPATH_SEARCH_PATHS = "$(inherited) @executable_path/Frameworks";
				PRODUCT_BUNDLE_IDENTIFIER = fr.humancoders.training.swift.PokeList;
				PRODUCT_NAME = "$(TARGET_NAME)";
				SWIFT_VERSION = 4.0;
				TARGETED_DEVICE_FAMILY = "1,2";
			};
			name = Debug;
		};
		3328D9061FD82DD2006EF67C /* Release */ = {
			isa = XCBuildConfiguration;
			buildSettings = {
				ASSETCATALOG_COMPILER_APPICON_NAME = AppIcon;
				CODE_SIGN_ENTITLEMENTS = PokeList/PokeList.entitlements;
				CODE_SIGN_STYLE = Automatic;
				DEVELOPMENT_TEAM = A7SGM6JEMA;
				INFOPLIST_FILE = PokeList/Info.plist;
				LD_RUNPATH_SEARCH_PATHS = "$(inherited) @executable_path/Frameworks";
				PRODUCT_BUNDLE_IDENTIFIER = fr.humancoders.training.swift.PokeList;
				PRODUCT_NAME = "$(TARGET_NAME)";
				SWIFT_VERSION = 4.0;
				TARGETED_DEVICE_FAMILY = "1,2";
			};
			name = Release;
		};
/* End XCBuildConfiguration section */

/* Begin XCConfigurationList section */
		3328D8ED1FD82DD1006EF67C /* Build configuration list for PBXProject "PokeList" */ = {
			isa = XCConfigurationList;
			buildConfigurations = (
				3328D9021FD82DD2006EF67C /* Debug */,
				3328D9031FD82DD2006EF67C /* Release */,
			);
			defaultConfigurationIsVisible = 0;
			defaultConfigurationName = Release;
		};
		3328D9041FD82DD2006EF67C /* Build configuration list for PBXNativeTarget "PokeList" */ = {
			isa = XCConfigurationList;
			buildConfigurations = (
				3328D9051FD82DD2006EF67C /* Debug */,
				3328D9061FD82DD2006EF67C /* Release */,
			);
			defaultConfigurationIsVisible = 0;
			defaultConfigurationName = Release;
		};
/* End XCConfigurationList section */
	};
	rootObject = 3328D8EA1FD82DD1006EF67C /* Project object */;
}
